
Microsoft Visual Studio Solution File, Format Version 12.00
# Visual Studio 2013
VisualStudioVersion = 12.0.21005.1
MinimumVisualStudioVersion = 10.0.40219.1
Project("{FAE04EC0-301F-11D3-BF4B-00C04F79EFBC}") = "Hitman2Loc", "Hitman2Loc\Hitman2Loc.csproj", "{8A8E13C3-8ED9-4130-9DDC-F70A4E19152F}"
EndProject
Global
	GlobalSection(SolutionConfigurationPlatforms) = preSolution
		Debug|Any CPU = Debug|Any CPU
		Release|Any CPU = Release|Any CPU
	EndGlobalSection
	GlobalSection(ProjectConfigurationPlatforms) = postSolution
		{8A8E13C3-8ED9-4130-9DDC-F70A4E19152F}.Debug|Any CPU.ActiveCfg = Debug|Any CPU
		{8A8E13C3-8ED9-4130-9DDC-F70A4E19152F}.Debug|Any CPU.Build.0 = Debug|Any CPU
		{8A8E13C3-8ED9-4130-9DDC-F70A4E19152F}.Release|Any CPU.ActiveCfg = Release|Any CPU
		{8A8E13C3-8ED9-4130-9DDC-F70A4E19152F}.Release|Any CPU.Build.0 = Release|Any CPU
	EndGlobalSection
	GlobalSection(SolutionProperties) = preSolution
		HideSolutionNode = FALSE
	EndGlobalSection
EndGlobal
